// !$*UTF8*$!
{
	archiveVersion = 1;
	classes = {
	};
	objectVersion = 56;
	objects = {

/* Begin PBXBuildFile section */
		A8CB32C92AFE526700E73683 /* AppDelegate.swift in Sources */ = {isa = PBXBuildFile; fileRef = A8CB32C82AFE526700E73683 /* AppDelegate.swift */; };
		A8CB32CB2AFE526700E73683 /* SceneDelegate.swift in Sources */ = {isa = PBXBuildFile; fileRef = A8CB32CA2AFE526700E73683 /* SceneDelegate.swift */; };
		A8CB32CD2AFE526700E73683 /* ViewController.swift in Sources */ = {isa = PBXBuildFile; fileRef = A8CB32CC2AFE526700E73683 /* ViewController.swift */; };
		A8CB32D02AFE526700E73683 /* Main.storyboard in Resources */ = {isa = PBXBuildFile; fileRef = A8CB32CE2AFE526700E73683 /* Main.storyboard */; };
		A8CB32D22AFE526A00E73683 /* Assets.xcassets in Resources */ = {isa = PBXBuildFile; fileRef = A8CB32D12AFE526A00E73683 /* Assets.xcassets */; };
		A8CB32D52AFE526A00E73683 /* LaunchScreen.storyboard in Resources */ = {isa = PBXBuildFile; fileRef = A8CB32D32AFE526A00E73683 /* LaunchScreen.storyboard */; };
		A8CB32E02AFE526A00E73683 /* DelegateCheckTests.swift in Sources */ = {isa = PBXBuildFile; fileRef = A8CB32DF2AFE526A00E73683 /* DelegateCheckTests.swift */; };
		A8CB32EA2AFE526A00E73683 /* DelegateCheckUITests.swift in Sources */ = {isa = PBXBuildFile; fileRef = A8CB32E92AFE526A00E73683 /* DelegateCheckUITests.swift */; };
		A8CB32EC2AFE526A00E73683 /* DelegateCheckUITestsLaunchTests.swift in Sources */ = {isa = PBXBuildFile; fileRef = A8CB32EB2AFE526A00E73683 /* DelegateCheckUITestsLaunchTests.swift */; };
/* End PBXBuildFile section */

/* Begin PBXContainerItemProxy section */
		A8CB32DC2AFE526A00E73683 /* PBXContainerItemProxy */ = {
			isa = PBXContainerItemProxy;
			containerPortal = A8CB32BD2AFE526700E73683 /* Project object */;
			proxyType = 1;
			remoteGlobalIDString = A8CB32C42AFE526700E73683;
			remoteInfo = DelegateCheck;
		};
		A8CB32E62AFE526A00E73683 /* PBXContainerItemProxy */ = {
			isa = PBXContainerItemProxy;
			containerPortal = A8CB32BD2AFE526700E73683 /* Project object */;
			proxyType = 1;
			remoteGlobalIDString = A8CB32C42AFE526700E73683;
			remoteInfo = DelegateCheck;
		};
/* End PBXContainerItemProxy section */

/* Begin PBXFileReference section */
		A8CB32C52AFE526700E73683 /* DelegateCheck.app */ = {isa = PBXFileReference; explicitFileType = wrapper.application; includeInIndex = 0; path = DelegateCheck.app; sourceTree = BUILT_PRODUCTS_DIR; };
		A8CB32C82AFE526700E73683 /* AppDelegate.swift */ = {isa = PBXFileReference; lastKnownFileType = sourcecode.swift; path = AppDelegate.swift; sourceTree = "<group>"; };
		A8CB32CA2AFE526700E73683 /* SceneDelegate.swift */ = {isa = PBXFileReference; lastKnownFileType = sourcecode.swift; path = SceneDelegate.swift; sourceTree = "<group>"; };
		A8CB32CC2AFE526700E73683 /* ViewController.swift */ = {isa = PBXFileReference; lastKnownFileType = sourcecode.swift; path = ViewController.swift; sourceTree = "<group>"; };
		A8CB32CF2AFE526700E73683 /* Base */ = {isa = PBXFileReference; lastKnownFileType = file.storyboard; name = Base; path = Base.lproj/Main.storyboard; sourceTree = "<group>"; };
		A8CB32D12AFE526A00E73683 /* Assets.xcassets */ = {isa = PBXFileReference; lastKnownFileType = folder.assetcatalog; path = Assets.xcassets; sourceTree = "<group>"; };
		A8CB32D42AFE526A00E73683 /* Base */ = {isa = PBXFileReference; lastKnownFileType = file.storyboard; name = Base; path = Base.lproj/LaunchScreen.storyboard; sourceTree = "<group>"; };
		A8CB32D62AFE526A00E73683 /* Info.plist */ = {isa = PBXFileReference; lastKnownFileType = text.plist.xml; path = Info.plist; sourceTree = "<group>"; };
		A8CB32DB2AFE526A00E73683 /* DelegateCheckTests.xctest */ = {isa = PBXFileReference; explicitFileType = wrapper.cfbundle; includeInIndex = 0; path = DelegateCheckTests.xctest; sourceTree = BUILT_PRODUCTS_DIR; };
		A8CB32DF2AFE526A00E73683 /* DelegateCheckTests.swift */ = {isa = PBXFileReference; lastKnownFileType = sourcecode.swift; path = DelegateCheckTests.swift; sourceTree = "<group>"; };
		A8CB32E52AFE526A00E73683 /* DelegateCheckUITests.xctest */ = {isa = PBXFileReference; explicitFileType = wrapper.cfbundle; includeInIndex = 0; path = DelegateCheckUITests.xctest; sourceTree = BUILT_PRODUCTS_DIR; };
		A8CB32E92AFE526A00E73683 /* DelegateCheckUITests.swift */ = {isa = PBXFileReference; lastKnownFileType = sourcecode.swift; path = DelegateCheckUITests.swift; sourceTree = "<group>"; };
		A8CB32EB2AFE526A00E73683 /* DelegateCheckUITestsLaunchTests.swift */ = {isa = PBXFileReference; lastKnownFileType = sourcecode.swift; path = DelegateCheckUITestsLaunchTests.swift; sourceTree = "<group>"; };
/* End PBXFileReference section */

/* Begin PBXFrameworksBuildPhase section */
		A8CB32C22AFE526700E73683 /* Frameworks */ = {
			isa = PBXFrameworksBuildPhase;
			buildActionMask = 2147483647;
			files = (
			);
			runOnlyForDeploymentPostprocessing = 0;
		};
		A8CB32D82AFE526A00E73683 /* Frameworks */ = {
			isa = PBXFrameworksBuildPhase;
			buildActionMask = 2147483647;
			files = (
			);
			runOnlyForDeploymentPostprocessing = 0;
		};
		A8CB32E22AFE526A00E73683 /* Frameworks */ = {
			isa = PBXFrameworksBuildPhase;
			buildActionMask = 2147483647;
			files = (
			);
			runOnlyForDeploymentPostprocessing = 0;
		};
/* End PBXFrameworksBuildPhase section */

/* Begin PBXGroup section */
		A8CB32BC2AFE526700E73683 = {
			isa = PBXGroup;
			children = (
				A8CB32C72AFE526700E73683 /* DelegateCheck */,
				A8CB32DE2AFE526A00E73683 /* DelegateCheckTests */,
				A8CB32E82AFE526A00E73683 /* DelegateCheckUITests */,
				A8CB32C62AFE526700E73683 /* Products */,
			);
			sourceTree = "<group>";
		};
		A8CB32C62AFE526700E73683 /* Products */ = {
			isa = PBXGroup;
			children = (
				A8CB32C52AFE526700E73683 /* DelegateCheck.app */,
				A8CB32DB2AFE526A00E73683 /* DelegateCheckTests.xctest */,
				A8CB32E52AFE526A00E73683 /* DelegateCheckUITests.xctest */,
			);
			name = Products;
			sourceTree = "<group>";
		};
		A8CB32C72AFE526700E73683 /* DelegateCheck */ = {
			isa = PBXGroup;
			children = (
				A8CB32C82AFE526700E73683 /* AppDelegate.swift */,
				A8CB32CA2AFE526700E73683 /* SceneDelegate.swift */,
				A8CB32CC2AFE526700E73683 /* ViewController.swift */,
				A8CB32CE2AFE526700E73683 /* Main.storyboard */,
				A8CB32D12AFE526A00E73683 /* Assets.xcassets */,
				A8CB32D32AFE526A00E73683 /* LaunchScreen.storyboard */,
				A8CB32D62AFE526A00E73683 /* Info.plist */,
			);
			path = DelegateCheck;
			sourceTree = "<group>";
		};
		A8CB32DE2AFE526A00E73683 /* DelegateCheckTests */ = {
			isa = PBXGroup;
			children = (
				A8CB32DF2AFE526A00E73683 /* DelegateCheckTests.swift */,
			);
			path = DelegateCheckTests;
			sourceTree = "<group>";
		};
		A8CB32E82AFE526A00E73683 /* DelegateCheckUITests */ = {
			isa = PBXGroup;
			children = (
				A8CB32E92AFE526A00E73683 /* DelegateCheckUITests.swift */,
				A8CB32EB2AFE526A00E73683 /* DelegateCheckUITestsLaunchTests.swift */,
			);
			path = DelegateCheckUITests;
			sourceTree = "<group>";
		};
/* End PBXGroup section */

/* Begin PBXNativeTarget section */
		A8CB32C42AFE526700E73683 /* DelegateCheck */ = {
			isa = PBXNativeTarget;
			buildConfigurationList = A8CB32EF2AFE526A00E73683 /* Build configuration list for PBXNativeTarget "DelegateCheck" */;
			buildPhases = (
				A8CB32C12AFE526700E73683 /* Sources */,
				A8CB32C22AFE526700E73683 /* Frameworks */,
				A8CB32C32AFE526700E73683 /* Resources */,
			);
			buildRules = (
			);
			dependencies = (
			);
			name = DelegateCheck;
			productName = DelegateCheck;
			productReference = A8CB32C52AFE526700E73683 /* DelegateCheck.app */;
			productType = "com.apple.product-type.application";
		};
		A8CB32DA2AFE526A00E73683 /* DelegateCheckTests */ = {
			isa = PBXNativeTarget;
			buildConfigurationList = A8CB32F22AFE526A00E73683 /* Build configuration list for PBXNativeTarget "DelegateCheckTests" */;
			buildPhases = (
				A8CB32D72AFE526A00E73683 /* Sources */,
				A8CB32D82AFE526A00E73683 /* Frameworks */,
				A8CB32D92AFE526A00E73683 /* Resources */,
			);
			buildRules = (
			);
			dependencies = (
				A8CB32DD2AFE526A00E73683 /* PBXTargetDependency */,
			);
			name = DelegateCheckTests;
			productName = DelegateCheckTests;
			productReference = A8CB32DB2AFE526A00E73683 /* DelegateCheckTests.xctest */;
			productType = "com.apple.product-type.bundle.unit-test";
		};
		A8CB32E42AFE526A00E73683 /* DelegateCheckUITests */ = {
			isa = PBXNativeTarget;
			buildConfigurationList = A8CB32F52AFE526A00E73683 /* Build configuration list for PBXNativeTarget "DelegateCheckUITests" */;
			buildPhases = (
				A8CB32E12AFE526A00E73683 /* Sources */,
				A8CB32E22AFE526A00E73683 /* Frameworks */,
				A8CB32E32AFE526A00E73683 /* Resources */,
			);
			buildRules = (
			);
			dependencies = (
				A8CB32E72AFE526A00E73683 /* PBXTargetDependency */,
			);
			name = DelegateCheckUITests;
			productName = DelegateCheckUITests;
			productReference = A8CB32E52AFE526A00E73683 /* DelegateCheckUITests.xctest */;
			productType = "com.apple.product-type.bundle.ui-testing";
		};
/* End PBXNativeTarget section */

/* Begin PBXProject section */
		A8CB32BD2AFE526700E73683 /* Project object */ = {
			isa = PBXProject;
			attributes = {
				BuildIndependentTargetsInParallel = 1;
				LastSwiftUpdateCheck = 1500;
				LastUpgradeCheck = 1500;
				TargetAttributes = {
					A8CB32C42AFE526700E73683 = {
						CreatedOnToolsVersion = 15.0.1;
					};
					A8CB32DA2AFE526A00E73683 = {
						CreatedOnToolsVersion = 15.0.1;
						TestTargetID = A8CB32C42AFE526700E73683;
					};
					A8CB32E42AFE526A00E73683 = {
						CreatedOnToolsVersion = 15.0.1;
						TestTargetID = A8CB32C42AFE526700E73683;
					};
				};
			};
			buildConfigurationList = A8CB32C02AFE526700E73683 /* Build configuration list for PBXProject "DelegateCheck" */;
			compatibilityVersion = "Xcode 14.0";
			developmentRegion = en;
			hasScannedForEncodings = 0;
			knownRegions = (
				en,
				Base,
			);
			mainGroup = A8CB32BC2AFE526700E73683;
			productRefGroup = A8CB32C62AFE526700E73683 /* Products */;
			projectDirPath = "";
			projectRoot = "";
			targets = (
				A8CB32C42AFE526700E73683 /* DelegateCheck */,
				A8CB32DA2AFE526A00E73683 /* DelegateCheckTests */,
				A8CB32E42AFE526A00E73683 /* DelegateCheckUITests */,
			);
		};
/* End PBXProject section */

/* Begin PBXResourcesBuildPhase section */
		A8CB32C32AFE526700E73683 /* Resources */ = {
			isa = PBXResourcesBuildPhase;
			buildActionMask = 2147483647;
			files = (
				A8CB32D52AFE526A00E73683 /* LaunchScreen.storyboard in Resources */,
				A8CB32D22AFE526A00E73683 /* Assets.xcassets in Resources */,
				A8CB32D02AFE526700E73683 /* Main.storyboard in Resources */,
			);
			runOnlyForDeploymentPostprocessing = 0;
		};
		A8CB32D92AFE526A00E73683 /* Resources */ = {
			isa = PBXResourcesBuildPhase;
			buildActionMask = 2147483647;
			files = (
			);
			runOnlyForDeploymentPostprocessing = 0;
		};
		A8CB32E32AFE526A00E73683 /* Resources */ = {
			isa = PBXResourcesBuildPhase;
			buildActionMask = 2147483647;
			files = (
			);
			runOnlyForDeploymentPostprocessing = 0;
		};
/* End PBXResourcesBuildPhase section */

/* Begin PBXSourcesBuildPhase section */
		A8CB32C12AFE526700E73683 /* Sources */ = {
			isa = PBXSourcesBuildPhase;
			buildActionMask = 2147483647;
			files = (
				A8CB32CD2AFE526700E73683 /* ViewController.swift in Sources */,
				A8CB32C92AFE526700E73683 /* AppDelegate.swift in Sources */,
				A8CB32CB2AFE526700E73683 /* SceneDelegate.swift in Sources */,
			);
			runOnlyForDeploymentPostprocessing = 0;
		};
		A8CB32D72AFE526A00E73683 /* Sources */ = {
			isa = PBXSourcesBuildPhase;
			buildActionMask = 2147483647;
			files = (
				A8CB32E02AFE526A00E73683 /* DelegateCheckTests.swift in Sources */,
			);
			runOnlyForDeploymentPostprocessing = 0;
		};
		A8CB32E12AFE526A00E73683 /* Sources */ = {
			isa = PBXSourcesBuildPhase;
			buildActionMask = 2147483647;
			files = (
				A8CB32EC2AFE526A00E73683 /* DelegateCheckUITestsLaunchTests.swift in Sources */,
				A8CB32EA2AFE526A00E73683 /* DelegateCheckUITests.swift in Sources */,
			);
			runOnlyForDeploymentPostprocessing = 0;
		};
/* End PBXSourcesBuildPhase section */

/* Begin PBXTargetDependency section */
		A8CB32DD2AFE526A00E73683 /* PBXTargetDependency */ = {
			isa = PBXTargetDependency;
			target = A8CB32C42AFE526700E73683 /* DelegateCheck */;
			targetProxy = A8CB32DC2AFE526A00E73683 /* PBXContainerItemProxy */;
		};
		A8CB32E72AFE526A00E73683 /* PBXTargetDependency */ = {
			isa = PBXTargetDependency;
			target = A8CB32C42AFE526700E73683 /* DelegateCheck */;
			targetProxy = A8CB32E62AFE526A00E73683 /* PBXContainerItemProxy */;
		};
/* End PBXTargetDependency section */

/* Begin PBXVariantGroup section */
		A8CB32CE2AFE526700E73683 /* Main.storyboard */ = {
			isa = PBXVariantGroup;
			children = (
				A8CB32CF2AFE526700E73683 /* Base */,
			);
			name = Main.storyboard;
			sourceTree = "<group>";
		};
		A8CB32D32AFE526A00E73683 /* LaunchScreen.storyboard */ = {
			isa = PBXVariantGroup;
			children = (
				A8CB32D42AFE526A00E73683 /* Base */,
			);
			name = LaunchScreen.storyboard;
			sourceTree = "<group>";
		};
/* End PBXVariantGroup section */

/* Begin XCBuildConfiguration section */
		A8CB32ED2AFE526A00E73683 /* Debug */ = {
			isa = XCBuildConfiguration;
			buildSettings = {
				ALWAYS_SEARCH_USER_PATHS = NO;
				ASSETCATALOG_COMPILER_GENERATE_SWIFT_ASSET_SYMBOL_EXTENSIONS = YES;
				CLANG_ANALYZER_NONNULL = YES;
				CLANG_ANALYZER_NUMBER_OBJECT_CONVERSION = YES_AGGRESSIVE;
				CLANG_CXX_LANGUAGE_STANDARD = "gnu++20";
				CLANG_ENABLE_MODULES = YES;
				CLANG_ENABLE_OBJC_ARC = YES;
				CLANG_ENABLE_OBJC_WEAK = YES;
				CLANG_WARN_BLOCK_CAPTURE_AUTORELEASING = YES;
				CLANG_WARN_BOOL_CONVERSION = YES;
				CLANG_WARN_COMMA = YES;
				CLANG_WARN_CONSTANT_CONVERSION = YES;
				CLANG_WARN_DEPRECATED_OBJC_IMPLEMENTATIONS = YES;
				CLANG_WARN_DIRECT_OBJC_ISA_USAGE = YES_ERROR;
				CLANG_WARN_DOCUMENTATION_COMMENTS = YES;
				CLANG_WARN_EMPTY_BODY = YES;
				CLANG_WARN_ENUM_CONVERSION = YES;
				CLANG_WARN_INFINITE_RECURSION = YES;
				CLANG_WARN_INT_CONVERSION = YES;
				CLANG_WARN_NON_LITERAL_NULL_CONVERSION = YES;
				CLANG_WARN_OBJC_IMPLICIT_RETAIN_SELF = YES;
				CLANG_WARN_OBJC_LITERAL_CONVERSION = YES;
				CLANG_WARN_OBJC_ROOT_CLASS = YES_ERROR;
				CLANG_WARN_QUOTED_INCLUDE_IN_FRAMEWORK_HEADER = YES;
				CLANG_WARN_RANGE_LOOP_ANALYSIS = YES;
				CLANG_WARN_STRICT_PROTOTYPES = YES;
				CLANG_WARN_SUSPICIOUS_MOVE = YES;
				CLANG_WARN_UNGUARDED_AVAILABILITY = YES_AGGRESSIVE;
				CLANG_WARN_UNREACHABLE_CODE = YES;
				CLANG_WARN__DUPLICATE_METHOD_MATCH = YES;
				COPY_PHASE_STRIP = NO;
				DEBUG_INFORMATION_FORMAT = dwarf;
				ENABLE_STRICT_OBJC_MSGSEND = YES;
				ENABLE_TESTABILITY = YES;
				ENABLE_USER_SCRIPT_SANDBOXING = YES;
				GCC_C_LANGUAGE_STANDARD = gnu17;
				GCC_DYNAMIC_NO_PIC = NO;
				GCC_NO_COMMON_BLOCKS = YES;
				GCC_OPTIMIZATION_LEVEL = 0;
				GCC_PREPROCESSOR_DEFINITIONS = (
					"DEBUG=1",
					"$(inherited)",
				);
				GCC_WARN_64_TO_32_BIT_CONVERSION = YES;
				GCC_WARN_ABOUT_RETURN_TYPE = YES_ERROR;
				GCC_WARN_UNDECLARED_SELECTOR = YES;
				GCC_WARN_UNINITIALIZED_AUTOS = YES_AGGRESSIVE;
				GCC_WARN_UNUSED_FUNCTION = YES;
				GCC_WARN_UNUSED_VARIABLE = YES;
				IPHONEOS_DEPLOYMENT_TARGET = 17.0;
				LOCALIZATION_PREFERS_STRING_CATALOGS = YES;
				MTL_ENABLE_DEBUG_INFO = INCLUDE_SOURCE;
				MTL_FAST_MATH = YES;
				ONLY_ACTIVE_ARCH = YES;
				SDKROOT = iphoneos;
				SWIFT_ACTIVE_COMPILATION_CONDITIONS = "DEBUG $(inherited)";
				SWIFT_OPTIMIZATION_LEVEL = "-Onone";
			};
			name = Debug;
		};
		A8CB32EE2AFE526A00E73683 /* Release */ = {
			isa = XCBuildConfiguration;
			buildSettings = {
				ALWAYS_SEARCH_USER_PATHS = NO;
				ASSETCATALOG_COMPILER_GENERATE_SWIFT_ASSET_SYMBOL_EXTENSIONS = YES;
				CLANG_ANALYZER_NONNULL = YES;
				CLANG_ANALYZER_NUMBER_OBJECT_CONVERSION = YES_AGGRESSIVE;
				CLANG_CXX_LANGUAGE_STANDARD = "gnu++20";
				CLANG_ENABLE_MODULES = YES;
				CLANG_ENABLE_OBJC_ARC = YES;
				CLANG_ENABLE_OBJC_WEAK = YES;
				CLANG_WARN_BLOCK_CAPTURE_AUTORELEASING = YES;
				CLANG_WARN_BOOL_CONVERSION = YES;
				CLANG_WARN_COMMA = YES;
				CLANG_WARN_CONSTANT_CONVERSION = YES;
				CLANG_WARN_DEPRECATED_OBJC_IMPLEMENTATIONS = YES;
				CLANG_WARN_DIRECT_OBJC_ISA_USAGE = YES_ERROR;
				CLANG_WARN_DOCUMENTATION_COMMENTS = YES;
				CLANG_WARN_EMPTY_BODY = YES;
				CLANG_WARN_ENUM_CONVERSION = YES;
				CLANG_WARN_INFINITE_RECURSION = YES;
				CLANG_WARN_INT_CONVERSION = YES;
				CLANG_WARN_NON_LITERAL_NULL_CONVERSION = YES;
				CLANG_WARN_OBJC_IMPLICIT_RETAIN_SELF = YES;
				CLANG_WARN_OBJC_LITERAL_CONVERSION = YES;
				CLANG_WARN_OBJC_ROOT_CLASS = YES_ERROR;
				CLANG_WARN_QUOTED_INCLUDE_IN_FRAMEWORK_HEADER = YES;
				CLANG_WARN_RANGE_LOOP_ANALYSIS = YES;
				CLANG_WARN_STRICT_PROTOTYPES = YES;
				CLANG_WARN_SUSPICIOUS_MOVE = YES;
				CLANG_WARN_UNGUARDED_AVAILABILITY = YES_AGGRESSIVE;
				CLANG_WARN_UNREACHABLE_CODE = YES;
				CLANG_WARN__DUPLICATE_METHOD_MATCH = YES;
				COPY_PHASE_STRIP = NO;
				DEBUG_INFORMATION_FORMAT = "dwarf-with-dsym";
				ENABLE_NS_ASSERTIONS = NO;
				ENABLE_STRICT_OBJC_MSGSEND = YES;
				ENABLE_USER_SCRIPT_SANDBOXING = YES;
				GCC_C_LANGUAGE_STANDARD = gnu17;
				GCC_NO_COMMON_BLOCKS = YES;
				GCC_WARN_64_TO_32_BIT_CONVERSION = YES;
				GCC_WARN_ABOUT_RETURN_TYPE = YES_ERROR;
				GCC_WARN_UNDECLARED_SELECTOR = YES;
				GCC_WARN_UNINITIALIZED_AUTOS = YES_AGGRESSIVE;
				GCC_WARN_UNUSED_FUNCTION = YES;
				GCC_WARN_UNUSED_VARIABLE = YES;
				IPHONEOS_DEPLOYMENT_TARGET = 17.0;
				LOCALIZATION_PREFERS_STRING_CATALOGS = YES;
				MTL_ENABLE_DEBUG_INFO = NO;
				MTL_FAST_MATH = YES;
				SDKROOT = iphoneos;
				SWIFT_COMPILATION_MODE = wholemodule;
				VALIDATE_PRODUCT = YES;
			};
			name = Release;
		};
		A8CB32F02AFE526A00E73683 /* Debug */ = {
			isa = XCBuildConfiguration;
			buildSettings = {
				ASSETCATALOG_COMPILER_APPICON_NAME = AppIcon;
				ASSETCATALOG_COMPILER_GLOBAL_ACCENT_COLOR_NAME = AccentColor;
				CODE_SIGN_STYLE = Automatic;
				CURRENT_PROJECT_VERSION = 1;
				DEVELOPMENT_TEAM = 5467R2XXW7;
				GENERATE_INFOPLIST_FILE = YES;
				INFOPLIST_FILE = DelegateCheck/Info.plist;
				INFOPLIST_KEY_UIApplicationSupportsIndirectInputEvents = YES;
				INFOPLIST_KEY_UILaunchStoryboardName = LaunchScreen;
				INFOPLIST_KEY_UIMainStoryboardFile = Main;
				INFOPLIST_KEY_UISupportedInterfaceOrientations_iPad = "UIInterfaceOrientationPortrait UIInterfaceOrientationPortraitUpsideDown UIInterfaceOrientationLandscapeLeft UIInterfaceOrientationLandscapeRight";
				INFOPLIST_KEY_UISupportedInterfaceOrientations_iPhone = "UIInterfaceOrientationPortrait UIInterfaceOrientationLandscapeLeft UIInterfaceOrientationLandscapeRight";
				LD_RUNPATH_SEARCH_PATHS = (
					"$(inherited)",
					"@executable_path/Frameworks",
				);
				MARKETING_VERSION = 1.0;
				PRODUCT_BUNDLE_IDENTIFIER = com.ExchangeRates.DelegateCheck;
				PRODUCT_NAME = "$(TARGET_NAME)";
				SWIFT_EMIT_LOC_STRINGS = YES;
				SWIFT_VERSION = 5.0;
				TARGETED_DEVICE_FAMILY = "1,2";
			};
			name = Debug;
		};
		A8CB32F12AFE526A00E73683 /* Release */ = {
			isa = XCBuildConfiguration;
			buildSettings = {
				ASSETCATALOG_COMPILER_APPICON_NAME = AppIcon;
				ASSETCATALOG_COMPILER_GLOBAL_ACCENT_COLOR_NAME = AccentColor;
				CODE_SIGN_STYLE = Automatic;
				CURRENT_PROJECT_VERSION = 1;
				DEVELOPMENT_TEAM = 5467R2XXW7;
				GENERATE_INFOPLIST_FILE = YES;
				INFOPLIST_FILE = DelegateCheck/Info.plist;
				INFOPLIST_KEY_UIApplicationSupportsIndirectInputEvents = YES;
				INFOPLIST_KEY_UILaunchStoryboardName = LaunchScreen;
				INFOPLIST_KEY_UIMainStoryboardFile = Main;
				INFOPLIST_KEY_UISupportedInterfaceOrientations_iPad = "UIInterfaceOrientationPortrait UIInterfaceOrientationPortraitUpsideDown UIInterfaceOrientationLandscapeLeft UIInterfaceOrientationLandscapeRight";
				INFOPLIST_KEY_UISupportedInterfaceOrientations_iPhone = "UIInterfaceOrientationPortrait UIInterfaceOrientationLandscapeLeft UIInterfaceOrientationLandscapeRight";
				LD_RUNPATH_SEARCH_PATHS = (
					"$(inherited)",
					"@executable_path/Frameworks",
				);
				MARKETING_VERSION = 1.0;
				PRODUCT_BUNDLE_IDENTIFIER = com.ExchangeRates.DelegateCheck;
				PRODUCT_NAME = "$(TARGET_NAME)";
				SWIFT_EMIT_LOC_STRINGS = YES;
				SWIFT_VERSION = 5.0;
				TARGETED_DEVICE_FAMILY = "1,2";
			};
			name = Release;
		};
		A8CB32F32AFE526A00E73683 /* Debug */ = {
			isa = XCBuildConfiguration;
			buildSettings = {
				ALWAYS_EMBED_SWIFT_STANDARD_LIBRARIES = YES;
				BUNDLE_LOADER = "$(TEST_HOST)";
				CODE_SIGN_STYLE = Automatic;
				CURRENT_PROJECT_VERSION = 1;
				DEVELOPMENT_TEAM = 5467R2XXW7;
				GENERATE_INFOPLIST_FILE = YES;
				IPHONEOS_DEPLOYMENT_TARGET = 17.0;
				MARKETING_VERSION = 1.0;
				PRODUCT_BUNDLE_IDENTIFIER = com.ExchangeRates.DelegateCheckTests;
				PRODUCT_NAME = "$(TARGET_NAME)";
				SWIFT_EMIT_LOC_STRINGS = NO;
				SWIFT_VERSION = 5.0;
				TARGETED_DEVICE_FAMILY = "1,2";
				TEST_HOST = "$(BUILT_PRODUCTS_DIR)/DelegateCheck.app/$(BUNDLE_EXECUTABLE_FOLDER_PATH)/DelegateCheck";
			};
			name = Debug;
		};
		A8CB32F42AFE526A00E73683 /* Release */ = {
			isa = XCBuildConfiguration;
			buildSettings = {
				ALWAYS_EMBED_SWIFT_STANDARD_LIBRARIES = YES;
				BUNDLE_LOADER = "$(TEST_HOST)";
				CODE_SIGN_STYLE = Automatic;
				CURRENT_PROJECT_VERSION = 1;
				DEVELOPMENT_TEAM = 5467R2XXW7;
				GENERATE_INFOPLIST_FILE = YES;
				IPHONEOS_DEPLOYMENT_TARGET = 17.0;
				MARKETING_VERSION = 1.0;
				PRODUCT_BUNDLE_IDENTIFIER = com.ExchangeRates.DelegateCheckTests;
				PRODUCT_NAME = "$(TARGET_NAME)";
				SWIFT_EMIT_LOC_STRINGS = NO;
				SWIFT_VERSION = 5.0;
				TARGETED_DEVICE_FAMILY = "1,2";
				TEST_HOST = "$(BUILT_PRODUCTS_DIR)/DelegateCheck.app/$(BUNDLE_EXECUTABLE_FOLDER_PATH)/DelegateCheck";
			};
			name = Release;
		};
		A8CB32F62AFE526A00E73683 /* Debug */ = {
			isa = XCBuildConfiguration;
			buildSettings = {
				ALWAYS_EMBED_SWIFT_STANDARD_LIBRARIES = YES;
				CODE_SIGN_STYLE = Automatic;
				CURRENT_PROJECT_VERSION = 1;
				DEVELOPMENT_TEAM = 5467R2XXW7;
				GENERATE_INFOPLIST_FILE = YES;
				MARKETING_VERSION = 1.0;
				PRODUCT_BUNDLE_IDENTIFIER = com.ExchangeRates.DelegateCheckUITests;
				PRODUCT_NAME = "$(TARGET_NAME)";
				SWIFT_EMIT_LOC_STRINGS = NO;
				SWIFT_VERSION = 5.0;
				TARGETED_DEVICE_FAMILY = "1,2";
				TEST_TARGET_NAME = DelegateCheck;
			};
			name = Debug;
		};
		A8CB32F72AFE526A00E73683 /* Release */ = {
			isa = XCBuildConfiguration;
			buildSettings = {
				ALWAYS_EMBED_SWIFT_STANDARD_LIBRARIES = YES;
				CODE_SIGN_STYLE = Automatic;
				CURRENT_PROJECT_VERSION = 1;
				DEVELOPMENT_TEAM = 5467R2XXW7;
				GENERATE_INFOPLIST_FILE = YES;
				MARKETING_VERSION = 1.0;
				PRODUCT_BUNDLE_IDENTIFIER = com.ExchangeRates.DelegateCheckUITests;
				PRODUCT_NAME = "$(TARGET_NAME)";
				SWIFT_EMIT_LOC_STRINGS = NO;
				SWIFT_VERSION = 5.0;
				TARGETED_DEVICE_FAMILY = "1,2";
				TEST_TARGET_NAME = DelegateCheck;
			};
			name = Release;
		};
/* End XCBuildConfiguration section */

/* Begin XCConfigurationList section */
		A8CB32C02AFE526700E73683 /* Build configuration list for PBXProject "DelegateCheck" */ = {
			isa = XCConfigurationList;
			buildConfigurations = (
				A8CB32ED2AFE526A00E73683 /* Debug */,
				A8CB32EE2AFE526A00E73683 /* Release */,
			);
			defaultConfigurationIsVisible = 0;
			defaultConfigurationName = Release;
		};
		A8CB32EF2AFE526A00E73683 /* Build configuration list for PBXNativeTarget "DelegateCheck" */ = {
			isa = XCConfigurationList;
			buildConfigurations = (
				A8CB32F02AFE526A00E73683 /* Debug */,
				A8CB32F12AFE526A00E73683 /* Release */,
			);
			defaultConfigurationIsVisible = 0;
			defaultConfigurationName = Release;
		};
		A8CB32F22AFE526A00E73683 /* Build configuration list for PBXNativeTarget "DelegateCheckTests" */ = {
			isa = XCConfigurationList;
			buildConfigurations = (
				A8CB32F32AFE526A00E73683 /* Debug */,
				A8CB32F42AFE526A00E73683 /* Release */,
			);
			defaultConfigurationIsVisible = 0;
			defaultConfigurationName = Release;
		};
		A8CB32F52AFE526A00E73683 /* Build configuration list for PBXNativeTarget "DelegateCheckUITests" */ = {
			isa = XCConfigurationList;
			buildConfigurations = (
				A8CB32F62AFE526A00E73683 /* Debug */,
				A8CB32F72AFE526A00E73683 /* Release */,
			);
			defaultConfigurationIsVisible = 0;
			defaultConfigurationName = Release;
		};
/* End XCConfigurationList section */
	};
	rootObject = A8CB32BD2AFE526700E73683 /* Project object */;
}
